
Microsoft Visual Studio Solution File, Format Version 12.00
# Visual Studio Version 17
VisualStudioVersion = 17.14.36310.24
MinimumVisualStudioVersion = 10.0.40219.1
Project("{FAE04EC0-301F-11D3-BF4B-00C04F79EFBC}") = "PedidosDesayunos", "PedidosDesayunos\PedidosDesayunos.csproj", "{DCF2DB3A-6781-4710-B369-699B95B73053}"
EndProject
Project("{FAE04EC0-301F-11D3-BF4B-00C04F79EFBC}") = "CapaNegocio", "CapaNegocio\CapaNegocio.csproj", "{48AE8295-D66A-47CA-BC54-B51BFFC435F2}"
EndProject
Project("{FAE04EC0-301F-11D3-BF4B-00C04F79EFBC}") = "CapaDatos", "CapaDatos\CapaDatos.csproj", "{B0E10AF2-F9C0-4263-99CA-23264A86D9FB}"
EndProject
Global
	GlobalSection(SolutionConfigurationPlatforms) = preSolution
		Debug|Any CPU = Debug|Any CPU
		Release|Any CPU = Release|Any CPU
	EndGlobalSection
	GlobalSection(ProjectConfigurationPlatforms) = postSolution
		{DCF2DB3A-6781-4710-B369-699B95B73053}.Debug|Any CPU.ActiveCfg = Debug|Any CPU
		{DCF2DB3A-6781-4710-B369-699B95B73053}.Debug|Any CPU.Build.0 = Debug|Any CPU
		{DCF2DB3A-6781-4710-B369-699B95B73053}.Release|Any CPU.ActiveCfg = Release|Any CPU
		{DCF2DB3A-6781-4710-B369-699B95B73053}.Release|Any CPU.Build.0 = Release|Any CPU
		{48AE8295-D66A-47CA-BC54-B51BFFC435F2}.Debug|Any CPU.ActiveCfg = Debug|Any CPU
		{48AE8295-D66A-47CA-BC54-B51BFFC435F2}.Debug|Any CPU.Build.0 = Debug|Any CPU
		{48AE8295-D66A-47CA-BC54-B51BFFC435F2}.Release|Any CPU.ActiveCfg = Release|Any CPU
		{48AE8295-D66A-47CA-BC54-B51BFFC435F2}.Release|Any CPU.Build.0 = Release|Any CPU
		{B0E10AF2-F9C0-4263-99CA-23264A86D9FB}.Debug|Any CPU.ActiveCfg = Debug|Any CPU
		{B0E10AF2-F9C0-4263-99CA-23264A86D9FB}.Debug|Any CPU.Build.0 = Debug|Any CPU
		{B0E10AF2-F9C0-4263-99CA-23264A86D9FB}.Release|Any CPU.ActiveCfg = Release|Any CPU
		{B0E10AF2-F9C0-4263-99CA-23264A86D9FB}.Release|Any CPU.Build.0 = Release|Any CPU
	EndGlobalSection
	GlobalSection(SolutionProperties) = preSolution
		HideSolutionNode = FALSE
	EndGlobalSection
	GlobalSection(ExtensibilityGlobals) = postSolution
		SolutionGuid = {877D72CA-AA6C-4133-87C8-7FCF1CE6D7C0}
	EndGlobalSection
EndGlobal
